// !$*UTF8*$!
{
	archiveVersion = 1;
	classes = {
	};
	objectVersion = 56;
	objects = {

/* Begin PBXBuildFile section */
		84052CE12CB9666B00EF3B57 /* FeastIdeasApp.swift in Sources */ = {isa = PBXBuildFile; fileRef = 84052CE02CB9666B00EF3B57 /* FeastIdeasApp.swift */; };
		84052CE32CB9666B00EF3B57 /* ContentView.swift in Sources */ = {isa = PBXBuildFile; fileRef = 84052CE22CB9666B00EF3B57 /* ContentView.swift */; };
		84052CE52CB9666C00EF3B57 /* Assets.xcassets in Resources */ = {isa = PBXBuildFile; fileRef = 84052CE42CB9666C00EF3B57 /* Assets.xcassets */; };
		84052CE82CB9666C00EF3B57 /* Preview Assets.xcassets in Resources */ = {isa = PBXBuildFile; fileRef = 84052CE72CB9666C00EF3B57 /* Preview Assets.xcassets */; };
		84052CFC2CB9666C00EF3B57 /* FeastIdeasUITests.swift in Sources */ = {isa = PBXBuildFile; fileRef = 84052CFB2CB9666C00EF3B57 /* FeastIdeasUITests.swift */; };
		84052CFE2CB9666C00EF3B57 /* FeastIdeasUITestsLaunchTests.swift in Sources */ = {isa = PBXBuildFile; fileRef = 84052CFD2CB9666C00EF3B57 /* FeastIdeasUITestsLaunchTests.swift */; };
		84052D0E2CB968A300EF3B57 /* HTTPClient.swift in Sources */ = {isa = PBXBuildFile; fileRef = 84052D0D2CB968A300EF3B57 /* HTTPClient.swift */; };
		84052D102CB9691600EF3B57 /* HTTPNetworkError.swift in Sources */ = {isa = PBXBuildFile; fileRef = 84052D0F2CB9691600EF3B57 /* HTTPNetworkError.swift */; };
		84052D142CB969C500EF3B57 /* HTTPClientTests.swift in Sources */ = {isa = PBXBuildFile; fileRef = 84052D132CB969C500EF3B57 /* HTTPClientTests.swift */; };
		84052D1D2CB979C700EF3B57 /* RecipesRepository.swift in Sources */ = {isa = PBXBuildFile; fileRef = 84052D1C2CB979C700EF3B57 /* RecipesRepository.swift */; };
		84052D1F2CB97A0500EF3B57 /* Recipe.swift in Sources */ = {isa = PBXBuildFile; fileRef = 84052D1E2CB97A0500EF3B57 /* Recipe.swift */; };
		84052D212CB97B1A00EF3B57 /* CloudFrontRecipesClient.swift in Sources */ = {isa = PBXBuildFile; fileRef = 84052D202CB97B1A00EF3B57 /* CloudFrontRecipesClient.swift */; };
		84052D232CB97B9800EF3B57 /* CloudFrontRecipeResponse.swift in Sources */ = {isa = PBXBuildFile; fileRef = 84052D222CB97B9800EF3B57 /* CloudFrontRecipeResponse.swift */; };
		84052D272CB97E0D00EF3B57 /* CloudFrontRecipesClientTests.swift in Sources */ = {isa = PBXBuildFile; fileRef = 84052D262CB97E0D00EF3B57 /* CloudFrontRecipesClientTests.swift */; };
		84052D2A2CB97F1F00EF3B57 /* MockURLProtocol.swift in Sources */ = {isa = PBXBuildFile; fileRef = 84052D292CB97F1F00EF3B57 /* MockURLProtocol.swift */; };
		84052D2D2CB9807800EF3B57 /* RecipeView.swift in Sources */ = {isa = PBXBuildFile; fileRef = 84052D2C2CB9807800EF3B57 /* RecipeView.swift */; };
		84052D312CB981BE00EF3B57 /* BadgeView.swift in Sources */ = {isa = PBXBuildFile; fileRef = 84052D302CB981BE00EF3B57 /* BadgeView.swift */; };
		84052D332CB984A700EF3B57 /* CardView.swift in Sources */ = {isa = PBXBuildFile; fileRef = 84052D322CB984A700EF3B57 /* CardView.swift */; };
		84052D352CB985DA00EF3B57 /* RecipeListView.swift in Sources */ = {isa = PBXBuildFile; fileRef = 84052D342CB985DA00EF3B57 /* RecipeListView.swift */; };
		84052D372CB9867200EF3B57 /* RecipeListViewModel.swift in Sources */ = {isa = PBXBuildFile; fileRef = 84052D362CB9867200EF3B57 /* RecipeListViewModel.swift */; };
		84052D392CB987A600EF3B57 /* PreviewStubs.swift in Sources */ = {isa = PBXBuildFile; fileRef = 84052D382CB987A600EF3B57 /* PreviewStubs.swift */; };
		84052D3B2CB987C300EF3B57 /* StubbedRecipeRepository.swift in Sources */ = {isa = PBXBuildFile; fileRef = 84052D3A2CB987C300EF3B57 /* StubbedRecipeRepository.swift */; };
/* End PBXBuildFile section */

/* Begin PBXContainerItemProxy section */
		84052CEE2CB9666C00EF3B57 /* PBXContainerItemProxy */ = {
			isa = PBXContainerItemProxy;
			containerPortal = 84052CD52CB9666B00EF3B57 /* Project object */;
			proxyType = 1;
			remoteGlobalIDString = 84052CDC2CB9666B00EF3B57;
			remoteInfo = FeastIdeas;
		};
		84052CF82CB9666C00EF3B57 /* PBXContainerItemProxy */ = {
			isa = PBXContainerItemProxy;
			containerPortal = 84052CD52CB9666B00EF3B57 /* Project object */;
			proxyType = 1;
			remoteGlobalIDString = 84052CDC2CB9666B00EF3B57;
			remoteInfo = FeastIdeas;
		};
/* End PBXContainerItemProxy section */

/* Begin PBXFileReference section */
		84052CDD2CB9666B00EF3B57 /* FeastIdeas.app */ = {isa = PBXFileReference; explicitFileType = wrapper.application; includeInIndex = 0; path = FeastIdeas.app; sourceTree = BUILT_PRODUCTS_DIR; };
		84052CE02CB9666B00EF3B57 /* FeastIdeasApp.swift */ = {isa = PBXFileReference; lastKnownFileType = sourcecode.swift; path = FeastIdeasApp.swift; sourceTree = "<group>"; };
		84052CE22CB9666B00EF3B57 /* ContentView.swift */ = {isa = PBXFileReference; lastKnownFileType = sourcecode.swift; path = ContentView.swift; sourceTree = "<group>"; };
		84052CE42CB9666C00EF3B57 /* Assets.xcassets */ = {isa = PBXFileReference; lastKnownFileType = folder.assetcatalog; path = Assets.xcassets; sourceTree = "<group>"; };
		84052CE72CB9666C00EF3B57 /* Preview Assets.xcassets */ = {isa = PBXFileReference; lastKnownFileType = folder.assetcatalog; path = "Preview Assets.xcassets"; sourceTree = "<group>"; };
		84052CED2CB9666C00EF3B57 /* FeastIdeasTests.xctest */ = {isa = PBXFileReference; explicitFileType = wrapper.cfbundle; includeInIndex = 0; path = FeastIdeasTests.xctest; sourceTree = BUILT_PRODUCTS_DIR; };
		84052CF72CB9666C00EF3B57 /* FeastIdeasUITests.xctest */ = {isa = PBXFileReference; explicitFileType = wrapper.cfbundle; includeInIndex = 0; path = FeastIdeasUITests.xctest; sourceTree = BUILT_PRODUCTS_DIR; };
		84052CFB2CB9666C00EF3B57 /* FeastIdeasUITests.swift */ = {isa = PBXFileReference; lastKnownFileType = sourcecode.swift; path = FeastIdeasUITests.swift; sourceTree = "<group>"; };
		84052CFD2CB9666C00EF3B57 /* FeastIdeasUITestsLaunchTests.swift */ = {isa = PBXFileReference; lastKnownFileType = sourcecode.swift; path = FeastIdeasUITestsLaunchTests.swift; sourceTree = "<group>"; };
		84052D0A2CB9669400EF3B57 /* README.md */ = {isa = PBXFileReference; lastKnownFileType = net.daringfireball.markdown; path = README.md; sourceTree = "<group>"; };
		84052D0D2CB968A300EF3B57 /* HTTPClient.swift */ = {isa = PBXFileReference; lastKnownFileType = sourcecode.swift; path = HTTPClient.swift; sourceTree = "<group>"; };
		84052D0F2CB9691600EF3B57 /* HTTPNetworkError.swift */ = {isa = PBXFileReference; lastKnownFileType = sourcecode.swift; path = HTTPNetworkError.swift; sourceTree = "<group>"; };
		84052D132CB969C500EF3B57 /* HTTPClientTests.swift */ = {isa = PBXFileReference; lastKnownFileType = sourcecode.swift; path = HTTPClientTests.swift; sourceTree = "<group>"; };
		84052D1C2CB979C700EF3B57 /* RecipesRepository.swift */ = {isa = PBXFileReference; lastKnownFileType = sourcecode.swift; path = RecipesRepository.swift; sourceTree = "<group>"; };
		84052D1E2CB97A0500EF3B57 /* Recipe.swift */ = {isa = PBXFileReference; lastKnownFileType = sourcecode.swift; path = Recipe.swift; sourceTree = "<group>"; };
		84052D202CB97B1A00EF3B57 /* CloudFrontRecipesClient.swift */ = {isa = PBXFileReference; lastKnownFileType = sourcecode.swift; path = CloudFrontRecipesClient.swift; sourceTree = "<group>"; };
		84052D222CB97B9800EF3B57 /* CloudFrontRecipeResponse.swift */ = {isa = PBXFileReference; lastKnownFileType = sourcecode.swift; path = CloudFrontRecipeResponse.swift; sourceTree = "<group>"; };
		84052D262CB97E0D00EF3B57 /* CloudFrontRecipesClientTests.swift */ = {isa = PBXFileReference; lastKnownFileType = sourcecode.swift; path = CloudFrontRecipesClientTests.swift; sourceTree = "<group>"; };
		84052D292CB97F1F00EF3B57 /* MockURLProtocol.swift */ = {isa = PBXFileReference; lastKnownFileType = sourcecode.swift; path = MockURLProtocol.swift; sourceTree = "<group>"; };
		84052D2C2CB9807800EF3B57 /* RecipeView.swift */ = {isa = PBXFileReference; lastKnownFileType = sourcecode.swift; path = RecipeView.swift; sourceTree = "<group>"; };
		84052D302CB981BE00EF3B57 /* BadgeView.swift */ = {isa = PBXFileReference; lastKnownFileType = sourcecode.swift; path = BadgeView.swift; sourceTree = "<group>"; };
		84052D322CB984A700EF3B57 /* CardView.swift */ = {isa = PBXFileReference; lastKnownFileType = sourcecode.swift; path = CardView.swift; sourceTree = "<group>"; };
		84052D342CB985DA00EF3B57 /* RecipeListView.swift */ = {isa = PBXFileReference; lastKnownFileType = sourcecode.swift; path = RecipeListView.swift; sourceTree = "<group>"; };
		84052D362CB9867200EF3B57 /* RecipeListViewModel.swift */ = {isa = PBXFileReference; lastKnownFileType = sourcecode.swift; path = RecipeListViewModel.swift; sourceTree = "<group>"; };
		84052D382CB987A600EF3B57 /* PreviewStubs.swift */ = {isa = PBXFileReference; lastKnownFileType = sourcecode.swift; path = PreviewStubs.swift; sourceTree = "<group>"; };
		84052D3A2CB987C300EF3B57 /* StubbedRecipeRepository.swift */ = {isa = PBXFileReference; lastKnownFileType = sourcecode.swift; path = StubbedRecipeRepository.swift; sourceTree = "<group>"; };
/* End PBXFileReference section */

/* Begin PBXFrameworksBuildPhase section */
		84052CDA2CB9666B00EF3B57 /* Frameworks */ = {
			isa = PBXFrameworksBuildPhase;
			buildActionMask = 2147483647;
			files = (
			);
			runOnlyForDeploymentPostprocessing = 0;
		};
		84052CEA2CB9666C00EF3B57 /* Frameworks */ = {
			isa = PBXFrameworksBuildPhase;
			buildActionMask = 2147483647;
			files = (
			);
			runOnlyForDeploymentPostprocessing = 0;
		};
		84052CF42CB9666C00EF3B57 /* Frameworks */ = {
			isa = PBXFrameworksBuildPhase;
			buildActionMask = 2147483647;
			files = (
			);
			runOnlyForDeploymentPostprocessing = 0;
		};
/* End PBXFrameworksBuildPhase section */

/* Begin PBXGroup section */
		84052CD42CB9666B00EF3B57 = {
			isa = PBXGroup;
			children = (
				84052D0A2CB9669400EF3B57 /* README.md */,
				84052CDF2CB9666B00EF3B57 /* FeastIdeas */,
				84052CF02CB9666C00EF3B57 /* FeastIdeasTests */,
				84052CFA2CB9666C00EF3B57 /* FeastIdeasUITests */,
				84052CDE2CB9666B00EF3B57 /* Products */,
			);
			sourceTree = "<group>";
		};
		84052CDE2CB9666B00EF3B57 /* Products */ = {
			isa = PBXGroup;
			children = (
				84052CDD2CB9666B00EF3B57 /* FeastIdeas.app */,
				84052CED2CB9666C00EF3B57 /* FeastIdeasTests.xctest */,
				84052CF72CB9666C00EF3B57 /* FeastIdeasUITests.xctest */,
			);
			name = Products;
			sourceTree = "<group>";
		};
		84052CDF2CB9666B00EF3B57 /* FeastIdeas */ = {
			isa = PBXGroup;
			children = (
				84052D0B2CB9685100EF3B57 /* Foundation */,
				84052D172CB978B800EF3B57 /* Data */,
				84052D152CB9767700EF3B57 /* Features */,
				84052CE02CB9666B00EF3B57 /* FeastIdeasApp.swift */,
				84052CE22CB9666B00EF3B57 /* ContentView.swift */,
				84052CE42CB9666C00EF3B57 /* Assets.xcassets */,
				84052CE62CB9666C00EF3B57 /* Preview Content */,
			);
			path = FeastIdeas;
			sourceTree = "<group>";
		};
		84052CE62CB9666C00EF3B57 /* Preview Content */ = {
			isa = PBXGroup;
			children = (
				84052CE72CB9666C00EF3B57 /* Preview Assets.xcassets */,
				84052D3A2CB987C300EF3B57 /* StubbedRecipeRepository.swift */,
				84052D382CB987A600EF3B57 /* PreviewStubs.swift */,
			);
			path = "Preview Content";
			sourceTree = "<group>";
		};
		84052CF02CB9666C00EF3B57 /* FeastIdeasTests */ = {
			isa = PBXGroup;
			children = (
				84052D282CB97F0800EF3B57 /* TestHarness */,
				84052D112CB9698D00EF3B57 /* Foundation */,
				84052D242CB97DC400EF3B57 /* Data */,
			);
			path = FeastIdeasTests;
			sourceTree = "<group>";
		};
		84052CFA2CB9666C00EF3B57 /* FeastIdeasUITests */ = {
			isa = PBXGroup;
			children = (
				84052CFB2CB9666C00EF3B57 /* FeastIdeasUITests.swift */,
				84052CFD2CB9666C00EF3B57 /* FeastIdeasUITestsLaunchTests.swift */,
			);
			path = FeastIdeasUITests;
			sourceTree = "<group>";
		};
		84052D0B2CB9685100EF3B57 /* Foundation */ = {
			isa = PBXGroup;
			children = (
				84052D2E2CB981A600EF3B57 /* UI */,
				84052D0C2CB9686800EF3B57 /* HTTPNetworkClient */,
			);
			path = Foundation;
			sourceTree = "<group>";
		};
		84052D0C2CB9686800EF3B57 /* HTTPNetworkClient */ = {
			isa = PBXGroup;
			children = (
				84052D0D2CB968A300EF3B57 /* HTTPClient.swift */,
				84052D0F2CB9691600EF3B57 /* HTTPNetworkError.swift */,
			);
			path = HTTPNetworkClient;
			sourceTree = "<group>";
		};
		84052D112CB9698D00EF3B57 /* Foundation */ = {
			isa = PBXGroup;
			children = (
				84052D122CB9699500EF3B57 /* HTTPNetworkClient */,
			);
			path = Foundation;
			sourceTree = "<group>";
		};
		84052D122CB9699500EF3B57 /* HTTPNetworkClient */ = {
			isa = PBXGroup;
			children = (
				84052D132CB969C500EF3B57 /* HTTPClientTests.swift */,
			);
			path = HTTPNetworkClient;
			sourceTree = "<group>";
		};
		84052D152CB9767700EF3B57 /* Features */ = {
			isa = PBXGroup;
			children = (
				84052D162CB9780C00EF3B57 /* Recipes */,
			);
			path = Features;
			sourceTree = "<group>";
		};
		84052D162CB9780C00EF3B57 /* Recipes */ = {
			isa = PBXGroup;
			children = (
				84052D1B2CB9797C00EF3B57 /* Core */,
				84052D2B2CB9803E00EF3B57 /* UI */,
			);
			path = Recipes;
			sourceTree = "<group>";
		};
		84052D172CB978B800EF3B57 /* Data */ = {
			isa = PBXGroup;
			children = (
				84052D182CB978C100EF3B57 /* CloudFront */,
			);
			path = Data;
			sourceTree = "<group>";
		};
		84052D182CB978C100EF3B57 /* CloudFront */ = {
			isa = PBXGroup;
			children = (
				84052D202CB97B1A00EF3B57 /* CloudFrontRecipesClient.swift */,
				84052D222CB97B9800EF3B57 /* CloudFrontRecipeResponse.swift */,
			);
			path = CloudFront;
			sourceTree = "<group>";
		};
		84052D1B2CB9797C00EF3B57 /* Core */ = {
			isa = PBXGroup;
			children = (
				84052D1C2CB979C700EF3B57 /* RecipesRepository.swift */,
				84052D1E2CB97A0500EF3B57 /* Recipe.swift */,
			);
			path = Core;
			sourceTree = "<group>";
		};
		84052D242CB97DC400EF3B57 /* Data */ = {
			isa = PBXGroup;
			children = (
				84052D252CB97DCC00EF3B57 /* CloudFront */,
			);
			path = Data;
			sourceTree = "<group>";
		};
		84052D252CB97DCC00EF3B57 /* CloudFront */ = {
			isa = PBXGroup;
			children = (
				84052D262CB97E0D00EF3B57 /* CloudFrontRecipesClientTests.swift */,
			);
			path = CloudFront;
			sourceTree = "<group>";
		};
		84052D282CB97F0800EF3B57 /* TestHarness */ = {
			isa = PBXGroup;
			children = (
				84052D292CB97F1F00EF3B57 /* MockURLProtocol.swift */,
			);
			path = TestHarness;
			sourceTree = "<group>";
		};
		84052D2B2CB9803E00EF3B57 /* UI */ = {
			isa = PBXGroup;
			children = (
				84052D362CB9867200EF3B57 /* RecipeListViewModel.swift */,
				84052D342CB985DA00EF3B57 /* RecipeListView.swift */,
				84052D2C2CB9807800EF3B57 /* RecipeView.swift */,
			);
			path = UI;
			sourceTree = "<group>";
		};
		84052D2E2CB981A600EF3B57 /* UI */ = {
			isa = PBXGroup;
			children = (
				84052D2F2CB981AB00EF3B57 /* Badge */,
			);
			path = UI;
			sourceTree = "<group>";
		};
		84052D2F2CB981AB00EF3B57 /* Badge */ = {
			isa = PBXGroup;
			children = (
				84052D302CB981BE00EF3B57 /* BadgeView.swift */,
				84052D322CB984A700EF3B57 /* CardView.swift */,
			);
			path = Badge;
			sourceTree = "<group>";
		};
/* End PBXGroup section */

/* Begin PBXNativeTarget section */
		84052CDC2CB9666B00EF3B57 /* FeastIdeas */ = {
			isa = PBXNativeTarget;
			buildConfigurationList = 84052D012CB9666C00EF3B57 /* Build configuration list for PBXNativeTarget "FeastIdeas" */;
			buildPhases = (
				84052CD92CB9666B00EF3B57 /* Sources */,
				84052CDA2CB9666B00EF3B57 /* Frameworks */,
				84052CDB2CB9666B00EF3B57 /* Resources */,
			);
			buildRules = (
			);
			dependencies = (
			);
			name = FeastIdeas;
			productName = FeastIdeas;
			productReference = 84052CDD2CB9666B00EF3B57 /* FeastIdeas.app */;
			productType = "com.apple.product-type.application";
		};
		84052CEC2CB9666C00EF3B57 /* FeastIdeasTests */ = {
			isa = PBXNativeTarget;
			buildConfigurationList = 84052D042CB9666C00EF3B57 /* Build configuration list for PBXNativeTarget "FeastIdeasTests" */;
			buildPhases = (
				84052CE92CB9666C00EF3B57 /* Sources */,
				84052CEA2CB9666C00EF3B57 /* Frameworks */,
				84052CEB2CB9666C00EF3B57 /* Resources */,
			);
			buildRules = (
			);
			dependencies = (
				84052CEF2CB9666C00EF3B57 /* PBXTargetDependency */,
			);
			name = FeastIdeasTests;
			productName = FeastIdeasTests;
			productReference = 84052CED2CB9666C00EF3B57 /* FeastIdeasTests.xctest */;
			productType = "com.apple.product-type.bundle.unit-test";
		};
		84052CF62CB9666C00EF3B57 /* FeastIdeasUITests */ = {
			isa = PBXNativeTarget;
			buildConfigurationList = 84052D072CB9666C00EF3B57 /* Build configuration list for PBXNativeTarget "FeastIdeasUITests" */;
			buildPhases = (
				84052CF32CB9666C00EF3B57 /* Sources */,
				84052CF42CB9666C00EF3B57 /* Frameworks */,
				84052CF52CB9666C00EF3B57 /* Resources */,
			);
			buildRules = (
			);
			dependencies = (
				84052CF92CB9666C00EF3B57 /* PBXTargetDependency */,
			);
			name = FeastIdeasUITests;
			productName = FeastIdeasUITests;
			productReference = 84052CF72CB9666C00EF3B57 /* FeastIdeasUITests.xctest */;
			productType = "com.apple.product-type.bundle.ui-testing";
		};
/* End PBXNativeTarget section */

/* Begin PBXProject section */
		84052CD52CB9666B00EF3B57 /* Project object */ = {
			isa = PBXProject;
			attributes = {
				BuildIndependentTargetsInParallel = 1;
				LastSwiftUpdateCheck = 1540;
				LastUpgradeCheck = 1540;
				TargetAttributes = {
					84052CDC2CB9666B00EF3B57 = {
						CreatedOnToolsVersion = 15.4;
					};
					84052CEC2CB9666C00EF3B57 = {
						CreatedOnToolsVersion = 15.4;
						TestTargetID = 84052CDC2CB9666B00EF3B57;
					};
					84052CF62CB9666C00EF3B57 = {
						CreatedOnToolsVersion = 15.4;
						TestTargetID = 84052CDC2CB9666B00EF3B57;
					};
				};
			};
			buildConfigurationList = 84052CD82CB9666B00EF3B57 /* Build configuration list for PBXProject "FeastIdeas" */;
			compatibilityVersion = "Xcode 14.0";
			developmentRegion = en;
			hasScannedForEncodings = 0;
			knownRegions = (
				en,
				Base,
			);
			mainGroup = 84052CD42CB9666B00EF3B57;
			productRefGroup = 84052CDE2CB9666B00EF3B57 /* Products */;
			projectDirPath = "";
			projectRoot = "";
			targets = (
				84052CDC2CB9666B00EF3B57 /* FeastIdeas */,
				84052CEC2CB9666C00EF3B57 /* FeastIdeasTests */,
				84052CF62CB9666C00EF3B57 /* FeastIdeasUITests */,
			);
		};
/* End PBXProject section */

/* Begin PBXResourcesBuildPhase section */
		84052CDB2CB9666B00EF3B57 /* Resources */ = {
			isa = PBXResourcesBuildPhase;
			buildActionMask = 2147483647;
			files = (
				84052CE82CB9666C00EF3B57 /* Preview Assets.xcassets in Resources */,
				84052CE52CB9666C00EF3B57 /* Assets.xcassets in Resources */,
			);
			runOnlyForDeploymentPostprocessing = 0;
		};
		84052CEB2CB9666C00EF3B57 /* Resources */ = {
			isa = PBXResourcesBuildPhase;
			buildActionMask = 2147483647;
			files = (
			);
			runOnlyForDeploymentPostprocessing = 0;
		};
		84052CF52CB9666C00EF3B57 /* Resources */ = {
			isa = PBXResourcesBuildPhase;
			buildActionMask = 2147483647;
			files = (
			);
			runOnlyForDeploymentPostprocessing = 0;
		};
/* End PBXResourcesBuildPhase section */

/* Begin PBXSourcesBuildPhase section */
		84052CD92CB9666B00EF3B57 /* Sources */ = {
			isa = PBXSourcesBuildPhase;
			buildActionMask = 2147483647;
			files = (
				84052CE32CB9666B00EF3B57 /* ContentView.swift in Sources */,
				84052D232CB97B9800EF3B57 /* CloudFrontRecipeResponse.swift in Sources */,
				84052D102CB9691600EF3B57 /* HTTPNetworkError.swift in Sources */,
				84052D212CB97B1A00EF3B57 /* CloudFrontRecipesClient.swift in Sources */,
				84052D392CB987A600EF3B57 /* PreviewStubs.swift in Sources */,
				84052D1D2CB979C700EF3B57 /* RecipesRepository.swift in Sources */,
				84052D1F2CB97A0500EF3B57 /* Recipe.swift in Sources */,
				84052D352CB985DA00EF3B57 /* RecipeListView.swift in Sources */,
				84052D312CB981BE00EF3B57 /* BadgeView.swift in Sources */,
				84052D2D2CB9807800EF3B57 /* RecipeView.swift in Sources */,
				84052CE12CB9666B00EF3B57 /* FeastIdeasApp.swift in Sources */,
				84052D372CB9867200EF3B57 /* RecipeListViewModel.swift in Sources */,
				84052D332CB984A700EF3B57 /* CardView.swift in Sources */,
				84052D0E2CB968A300EF3B57 /* HTTPClient.swift in Sources */,
				84052D3B2CB987C300EF3B57 /* StubbedRecipeRepository.swift in Sources */,
			);
			runOnlyForDeploymentPostprocessing = 0;
		};
		84052CE92CB9666C00EF3B57 /* Sources */ = {
			isa = PBXSourcesBuildPhase;
			buildActionMask = 2147483647;
			files = (
				84052D2A2CB97F1F00EF3B57 /* MockURLProtocol.swift in Sources */,
				84052D272CB97E0D00EF3B57 /* CloudFrontRecipesClientTests.swift in Sources */,
				84052D142CB969C500EF3B57 /* HTTPClientTests.swift in Sources */,
			);
			runOnlyForDeploymentPostprocessing = 0;
		};
		84052CF32CB9666C00EF3B57 /* Sources */ = {
			isa = PBXSourcesBuildPhase;
			buildActionMask = 2147483647;
			files = (
				84052CFC2CB9666C00EF3B57 /* FeastIdeasUITests.swift in Sources */,
				84052CFE2CB9666C00EF3B57 /* FeastIdeasUITestsLaunchTests.swift in Sources */,
			);
			runOnlyForDeploymentPostprocessing = 0;
		};
/* End PBXSourcesBuildPhase section */

/* Begin PBXTargetDependency section */
		84052CEF2CB9666C00EF3B57 /* PBXTargetDependency */ = {
			isa = PBXTargetDependency;
			target = 84052CDC2CB9666B00EF3B57 /* FeastIdeas */;
			targetProxy = 84052CEE2CB9666C00EF3B57 /* PBXContainerItemProxy */;
		};
		84052CF92CB9666C00EF3B57 /* PBXTargetDependency */ = {
			isa = PBXTargetDependency;
			target = 84052CDC2CB9666B00EF3B57 /* FeastIdeas */;
			targetProxy = 84052CF82CB9666C00EF3B57 /* PBXContainerItemProxy */;
		};
/* End PBXTargetDependency section */

/* Begin XCBuildConfiguration section */
		84052CFF2CB9666C00EF3B57 /* Debug */ = {
			isa = XCBuildConfiguration;
			buildSettings = {
				ALWAYS_SEARCH_USER_PATHS = NO;
				ASSETCATALOG_COMPILER_GENERATE_SWIFT_ASSET_SYMBOL_EXTENSIONS = YES;
				CLANG_ANALYZER_NONNULL = YES;
				CLANG_ANALYZER_NUMBER_OBJECT_CONVERSION = YES_AGGRESSIVE;
				CLANG_CXX_LANGUAGE_STANDARD = "gnu++20";
				CLANG_ENABLE_MODULES = YES;
				CLANG_ENABLE_OBJC_ARC = YES;
				CLANG_ENABLE_OBJC_WEAK = YES;
				CLANG_WARN_BLOCK_CAPTURE_AUTORELEASING = YES;
				CLANG_WARN_BOOL_CONVERSION = YES;
				CLANG_WARN_COMMA = YES;
				CLANG_WARN_CONSTANT_CONVERSION = YES;
				CLANG_WARN_DEPRECATED_OBJC_IMPLEMENTATIONS = YES;
				CLANG_WARN_DIRECT_OBJC_ISA_USAGE = YES_ERROR;
				CLANG_WARN_DOCUMENTATION_COMMENTS = YES;
				CLANG_WARN_EMPTY_BODY = YES;
				CLANG_WARN_ENUM_CONVERSION = YES;
				CLANG_WARN_INFINITE_RECURSION = YES;
				CLANG_WARN_INT_CONVERSION = YES;
				CLANG_WARN_NON_LITERAL_NULL_CONVERSION = YES;
				CLANG_WARN_OBJC_IMPLICIT_RETAIN_SELF = YES;
				CLANG_WARN_OBJC_LITERAL_CONVERSION = YES;
				CLANG_WARN_OBJC_ROOT_CLASS = YES_ERROR;
				CLANG_WARN_QUOTED_INCLUDE_IN_FRAMEWORK_HEADER = YES;
				CLANG_WARN_RANGE_LOOP_ANALYSIS = YES;
				CLANG_WARN_STRICT_PROTOTYPES = YES;
				CLANG_WARN_SUSPICIOUS_MOVE = YES;
				CLANG_WARN_UNGUARDED_AVAILABILITY = YES_AGGRESSIVE;
				CLANG_WARN_UNREACHABLE_CODE = YES;
				CLANG_WARN__DUPLICATE_METHOD_MATCH = YES;
				COPY_PHASE_STRIP = NO;
				DEBUG_INFORMATION_FORMAT = dwarf;
				ENABLE_STRICT_OBJC_MSGSEND = YES;
				ENABLE_TESTABILITY = YES;
				ENABLE_USER_SCRIPT_SANDBOXING = YES;
				GCC_C_LANGUAGE_STANDARD = gnu17;
				GCC_DYNAMIC_NO_PIC = NO;
				GCC_NO_COMMON_BLOCKS = YES;
				GCC_OPTIMIZATION_LEVEL = 0;
				GCC_PREPROCESSOR_DEFINITIONS = (
					"DEBUG=1",
					"$(inherited)",
				);
				GCC_WARN_64_TO_32_BIT_CONVERSION = YES;
				GCC_WARN_ABOUT_RETURN_TYPE = YES_ERROR;
				GCC_WARN_UNDECLARED_SELECTOR = YES;
				GCC_WARN_UNINITIALIZED_AUTOS = YES_AGGRESSIVE;
				GCC_WARN_UNUSED_FUNCTION = YES;
				GCC_WARN_UNUSED_VARIABLE = YES;
				IPHONEOS_DEPLOYMENT_TARGET = 17.5;
				LOCALIZATION_PREFERS_STRING_CATALOGS = YES;
				MTL_ENABLE_DEBUG_INFO = INCLUDE_SOURCE;
				MTL_FAST_MATH = YES;
				ONLY_ACTIVE_ARCH = YES;
				SDKROOT = iphoneos;
				SWIFT_ACTIVE_COMPILATION_CONDITIONS = "DEBUG $(inherited)";
				SWIFT_OPTIMIZATION_LEVEL = "-Onone";
			};
			name = Debug;
		};
		84052D002CB9666C00EF3B57 /* Release */ = {
			isa = XCBuildConfiguration;
			buildSettings = {
				ALWAYS_SEARCH_USER_PATHS = NO;
				ASSETCATALOG_COMPILER_GENERATE_SWIFT_ASSET_SYMBOL_EXTENSIONS = YES;
				CLANG_ANALYZER_NONNULL = YES;
				CLANG_ANALYZER_NUMBER_OBJECT_CONVERSION = YES_AGGRESSIVE;
				CLANG_CXX_LANGUAGE_STANDARD = "gnu++20";
				CLANG_ENABLE_MODULES = YES;
				CLANG_ENABLE_OBJC_ARC = YES;
				CLANG_ENABLE_OBJC_WEAK = YES;
				CLANG_WARN_BLOCK_CAPTURE_AUTORELEASING = YES;
				CLANG_WARN_BOOL_CONVERSION = YES;
				CLANG_WARN_COMMA = YES;
				CLANG_WARN_CONSTANT_CONVERSION = YES;
				CLANG_WARN_DEPRECATED_OBJC_IMPLEMENTATIONS = YES;
				CLANG_WARN_DIRECT_OBJC_ISA_USAGE = YES_ERROR;
				CLANG_WARN_DOCUMENTATION_COMMENTS = YES;
				CLANG_WARN_EMPTY_BODY = YES;
				CLANG_WARN_ENUM_CONVERSION = YES;
				CLANG_WARN_INFINITE_RECURSION = YES;
				CLANG_WARN_INT_CONVERSION = YES;
				CLANG_WARN_NON_LITERAL_NULL_CONVERSION = YES;
				CLANG_WARN_OBJC_IMPLICIT_RETAIN_SELF = YES;
				CLANG_WARN_OBJC_LITERAL_CONVERSION = YES;
				CLANG_WARN_OBJC_ROOT_CLASS = YES_ERROR;
				CLANG_WARN_QUOTED_INCLUDE_IN_FRAMEWORK_HEADER = YES;
				CLANG_WARN_RANGE_LOOP_ANALYSIS = YES;
				CLANG_WARN_STRICT_PROTOTYPES = YES;
				CLANG_WARN_SUSPICIOUS_MOVE = YES;
				CLANG_WARN_UNGUARDED_AVAILABILITY = YES_AGGRESSIVE;
				CLANG_WARN_UNREACHABLE_CODE = YES;
				CLANG_WARN__DUPLICATE_METHOD_MATCH = YES;
				COPY_PHASE_STRIP = NO;
				DEBUG_INFORMATION_FORMAT = "dwarf-with-dsym";
				ENABLE_NS_ASSERTIONS = NO;
				ENABLE_STRICT_OBJC_MSGSEND = YES;
				ENABLE_USER_SCRIPT_SANDBOXING = YES;
				GCC_C_LANGUAGE_STANDARD = gnu17;
				GCC_NO_COMMON_BLOCKS = YES;
				GCC_WARN_64_TO_32_BIT_CONVERSION = YES;
				GCC_WARN_ABOUT_RETURN_TYPE = YES_ERROR;
				GCC_WARN_UNDECLARED_SELECTOR = YES;
				GCC_WARN_UNINITIALIZED_AUTOS = YES_AGGRESSIVE;
				GCC_WARN_UNUSED_FUNCTION = YES;
				GCC_WARN_UNUSED_VARIABLE = YES;
				IPHONEOS_DEPLOYMENT_TARGET = 17.5;
				LOCALIZATION_PREFERS_STRING_CATALOGS = YES;
				MTL_ENABLE_DEBUG_INFO = NO;
				MTL_FAST_MATH = YES;
				SDKROOT = iphoneos;
				SWIFT_COMPILATION_MODE = wholemodule;
				VALIDATE_PRODUCT = YES;
			};
			name = Release;
		};
		84052D022CB9666C00EF3B57 /* Debug */ = {
			isa = XCBuildConfiguration;
			buildSettings = {
				ASSETCATALOG_COMPILER_APPICON_NAME = AppIcon;
				ASSETCATALOG_COMPILER_GLOBAL_ACCENT_COLOR_NAME = AccentColor;
				CODE_SIGN_STYLE = Automatic;
				CURRENT_PROJECT_VERSION = 1;
				DEVELOPMENT_ASSET_PATHS = "\"FeastIdeas/Preview Content\"";
				DEVELOPMENT_TEAM = 8UV9BMHPZS;
				ENABLE_PREVIEWS = YES;
				GENERATE_INFOPLIST_FILE = YES;
				INFOPLIST_KEY_UIApplicationSceneManifest_Generation = YES;
				INFOPLIST_KEY_UIApplicationSupportsIndirectInputEvents = YES;
				INFOPLIST_KEY_UILaunchScreen_Generation = YES;
				INFOPLIST_KEY_UISupportedInterfaceOrientations = UIInterfaceOrientationPortrait;
				INFOPLIST_KEY_UISupportedInterfaceOrientations_iPad = "UIInterfaceOrientationLandscapeLeft UIInterfaceOrientationLandscapeRight UIInterfaceOrientationPortrait UIInterfaceOrientationPortraitUpsideDown";
				IPHONEOS_DEPLOYMENT_TARGET = 16.0;
				LD_RUNPATH_SEARCH_PATHS = (
					"$(inherited)",
					"@executable_path/Frameworks",
				);
				MARKETING_VERSION = 1.0;
				PRODUCT_BUNDLE_IDENTIFIER = lucky13.FeastIdeas;
				PRODUCT_NAME = "$(TARGET_NAME)";
				SWIFT_EMIT_LOC_STRINGS = YES;
				SWIFT_VERSION = 5.0;
				TARGETED_DEVICE_FAMILY = "1,2";
			};
			name = Debug;
		};
		84052D032CB9666C00EF3B57 /* Release */ = {
			isa = XCBuildConfiguration;
			buildSettings = {
				ASSETCATALOG_COMPILER_APPICON_NAME = AppIcon;
				ASSETCATALOG_COMPILER_GLOBAL_ACCENT_COLOR_NAME = AccentColor;
				CODE_SIGN_STYLE = Automatic;
				CURRENT_PROJECT_VERSION = 1;
				DEVELOPMENT_ASSET_PATHS = "\"FeastIdeas/Preview Content\"";
				DEVELOPMENT_TEAM = 8UV9BMHPZS;
				ENABLE_PREVIEWS = YES;
				GENERATE_INFOPLIST_FILE = YES;
				INFOPLIST_KEY_UIApplicationSceneManifest_Generation = YES;
				INFOPLIST_KEY_UIApplicationSupportsIndirectInputEvents = YES;
				INFOPLIST_KEY_UILaunchScreen_Generation = YES;
				INFOPLIST_KEY_UISupportedInterfaceOrientations = UIInterfaceOrientationPortrait;
				INFOPLIST_KEY_UISupportedInterfaceOrientations_iPad = "UIInterfaceOrientationLandscapeLeft UIInterfaceOrientationLandscapeRight UIInterfaceOrientationPortrait UIInterfaceOrientationPortraitUpsideDown";
				IPHONEOS_DEPLOYMENT_TARGET = 16.0;
				LD_RUNPATH_SEARCH_PATHS = (
					"$(inherited)",
					"@executable_path/Frameworks",
				);
				MARKETING_VERSION = 1.0;
				PRODUCT_BUNDLE_IDENTIFIER = lucky13.FeastIdeas;
				PRODUCT_NAME = "$(TARGET_NAME)";
				SWIFT_EMIT_LOC_STRINGS = YES;
				SWIFT_VERSION = 5.0;
				TARGETED_DEVICE_FAMILY = "1,2";
			};
			name = Release;
		};
		84052D052CB9666C00EF3B57 /* Debug */ = {
			isa = XCBuildConfiguration;
			buildSettings = {
				ALWAYS_EMBED_SWIFT_STANDARD_LIBRARIES = YES;
				BUNDLE_LOADER = "$(TEST_HOST)";
				CODE_SIGN_STYLE = Automatic;
				CURRENT_PROJECT_VERSION = 1;
				DEVELOPMENT_TEAM = 8UV9BMHPZS;
				GENERATE_INFOPLIST_FILE = YES;
				IPHONEOS_DEPLOYMENT_TARGET = 17.5;
				MARKETING_VERSION = 1.0;
				PRODUCT_BUNDLE_IDENTIFIER = lucky13.FeastIdeasTests;
				PRODUCT_NAME = "$(TARGET_NAME)";
				SWIFT_EMIT_LOC_STRINGS = NO;
				SWIFT_VERSION = 5.0;
				TARGETED_DEVICE_FAMILY = "1,2";
				TEST_HOST = "$(BUILT_PRODUCTS_DIR)/FeastIdeas.app/$(BUNDLE_EXECUTABLE_FOLDER_PATH)/FeastIdeas";
			};
			name = Debug;
		};
		84052D062CB9666C00EF3B57 /* Release */ = {
			isa = XCBuildConfiguration;
			buildSettings = {
				ALWAYS_EMBED_SWIFT_STANDARD_LIBRARIES = YES;
				BUNDLE_LOADER = "$(TEST_HOST)";
				CODE_SIGN_STYLE = Automatic;
				CURRENT_PROJECT_VERSION = 1;
				DEVELOPMENT_TEAM = 8UV9BMHPZS;
				GENERATE_INFOPLIST_FILE = YES;
				IPHONEOS_DEPLOYMENT_TARGET = 17.5;
				MARKETING_VERSION = 1.0;
				PRODUCT_BUNDLE_IDENTIFIER = lucky13.FeastIdeasTests;
				PRODUCT_NAME = "$(TARGET_NAME)";
				SWIFT_EMIT_LOC_STRINGS = NO;
				SWIFT_VERSION = 5.0;
				TARGETED_DEVICE_FAMILY = "1,2";
				TEST_HOST = "$(BUILT_PRODUCTS_DIR)/FeastIdeas.app/$(BUNDLE_EXECUTABLE_FOLDER_PATH)/FeastIdeas";
			};
			name = Release;
		};
		84052D082CB9666C00EF3B57 /* Debug */ = {
			isa = XCBuildConfiguration;
			buildSettings = {
				ALWAYS_EMBED_SWIFT_STANDARD_LIBRARIES = YES;
				CODE_SIGN_STYLE = Automatic;
				CURRENT_PROJECT_VERSION = 1;
				DEVELOPMENT_TEAM = 8UV9BMHPZS;
				GENERATE_INFOPLIST_FILE = YES;
				MARKETING_VERSION = 1.0;
				PRODUCT_BUNDLE_IDENTIFIER = lucky13.FeastIdeasUITests;
				PRODUCT_NAME = "$(TARGET_NAME)";
				SWIFT_EMIT_LOC_STRINGS = NO;
				SWIFT_VERSION = 5.0;
				TARGETED_DEVICE_FAMILY = "1,2";
				TEST_TARGET_NAME = FeastIdeas;
			};
			name = Debug;
		};
		84052D092CB9666C00EF3B57 /* Release */ = {
			isa = XCBuildConfiguration;
			buildSettings = {
				ALWAYS_EMBED_SWIFT_STANDARD_LIBRARIES = YES;
				CODE_SIGN_STYLE = Automatic;
				CURRENT_PROJECT_VERSION = 1;
				DEVELOPMENT_TEAM = 8UV9BMHPZS;
				GENERATE_INFOPLIST_FILE = YES;
				MARKETING_VERSION = 1.0;
				PRODUCT_BUNDLE_IDENTIFIER = lucky13.FeastIdeasUITests;
				PRODUCT_NAME = "$(TARGET_NAME)";
				SWIFT_EMIT_LOC_STRINGS = NO;
				SWIFT_VERSION = 5.0;
				TARGETED_DEVICE_FAMILY = "1,2";
				TEST_TARGET_NAME = FeastIdeas;
			};
			name = Release;
		};
/* End XCBuildConfiguration section */

/* Begin XCConfigurationList section */
		84052CD82CB9666B00EF3B57 /* Build configuration list for PBXProject "FeastIdeas" */ = {
			isa = XCConfigurationList;
			buildConfigurations = (
				84052CFF2CB9666C00EF3B57 /* Debug */,
				84052D002CB9666C00EF3B57 /* Release */,
			);
			defaultConfigurationIsVisible = 0;
			defaultConfigurationName = Release;
		};
		84052D012CB9666C00EF3B57 /* Build configuration list for PBXNativeTarget "FeastIdeas" */ = {
			isa = XCConfigurationList;
			buildConfigurations = (
				84052D022CB9666C00EF3B57 /* Debug */,
				84052D032CB9666C00EF3B57 /* Release */,
			);
			defaultConfigurationIsVisible = 0;
			defaultConfigurationName = Release;
		};
		84052D042CB9666C00EF3B57 /* Build configuration list for PBXNativeTarget "FeastIdeasTests" */ = {
			isa = XCConfigurationList;
			buildConfigurations = (
				84052D052CB9666C00EF3B57 /* Debug */,
				84052D062CB9666C00EF3B57 /* Release */,
			);
			defaultConfigurationIsVisible = 0;
			defaultConfigurationName = Release;
		};
		84052D072CB9666C00EF3B57 /* Build configuration list for PBXNativeTarget "FeastIdeasUITests" */ = {
			isa = XCConfigurationList;
			buildConfigurations = (
				84052D082CB9666C00EF3B57 /* Debug */,
				84052D092CB9666C00EF3B57 /* Release */,
			);
			defaultConfigurationIsVisible = 0;
			defaultConfigurationName = Release;
		};
/* End XCConfigurationList section */
	};
	rootObject = 84052CD52CB9666B00EF3B57 /* Project object */;
}
